
Microsoft Visual Studio Solution File, Format Version 12.00
# Visual Studio Version 16
VisualStudioVersion = 16.0.32428.217
MinimumVisualStudioVersion = 10.0.40219.1
Project("{9A19103F-16F7-4668-BE54-9A1E7A4F7556}") = "IOC.console", "IOC.console.csproj", "{7CAFF441-C945-4405-AA83-190A49A98D71}"
EndProject
Project("{FAE04EC0-301F-11D3-BF4B-00C04F79EFBC}") = "IOC.web", "..\IOC.web\IOC.web.csproj", "{C0384A1A-13E0-449A-B5DC-38390B265F0F}"
EndProject
Global
	GlobalSection(SolutionConfigurationPlatforms) = preSolution
		Debug|Any CPU = Debug|Any CPU
		Release|Any CPU = Release|Any CPU
	EndGlobalSection
	GlobalSection(ProjectConfigurationPlatforms) = postSolution
		{7CAFF441-C945-4405-AA83-190A49A98D71}.Debug|Any CPU.ActiveCfg = Debug|Any CPU
		{7CAFF441-C945-4405-AA83-190A49A98D71}.Debug|Any CPU.Build.0 = Debug|Any CPU
		{7CAFF441-C945-4405-AA83-190A49A98D71}.Release|Any CPU.ActiveCfg = Release|Any CPU
		{7CAFF441-C945-4405-AA83-190A49A98D71}.Release|Any CPU.Build.0 = Release|Any CPU
		{C0384A1A-13E0-449A-B5DC-38390B265F0F}.Debug|Any CPU.ActiveCfg = Debug|Any CPU
		{C0384A1A-13E0-449A-B5DC-38390B265F0F}.Debug|Any CPU.Build.0 = Debug|Any CPU
		{C0384A1A-13E0-449A-B5DC-38390B265F0F}.Release|Any CPU.ActiveCfg = Release|Any CPU
		{C0384A1A-13E0-449A-B5DC-38390B265F0F}.Release|Any CPU.Build.0 = Release|Any CPU
	EndGlobalSection
	GlobalSection(SolutionProperties) = preSolution
		HideSolutionNode = FALSE
	EndGlobalSection
	GlobalSection(ExtensibilityGlobals) = postSolution
		SolutionGuid = {2E579C39-C147-4A53-87A8-CF161A234D1E}
	EndGlobalSection
EndGlobal
